
Microsoft Visual Studio Solution File, Format Version 12.00
# Visual Studio 15
VisualStudioVersion = 15.0.28307.106
MinimumVisualStudioVersion = 10.0.40219.1
Project("{8BC9CEB8-8B4A-11D0-8D11-00A0C91BC942}") = "PageRank", "PageRank\PageRank.vcxproj", "{E09FC5A6-214B-4A89-9817-941CF469041F}"
EndProject
Global
	GlobalSection(SolutionConfigurationPlatforms) = preSolution
		Debug|x64 = Debug|x64
		Debug|x86 = Debug|x86
		Release|x64 = Release|x64
		Release|x86 = Release|x86
	EndGlobalSection
	GlobalSection(ProjectConfigurationPlatforms) = postSolution
		{E09FC5A6-214B-4A89-9817-941CF469041F}.Debug|x64.ActiveCfg = Debug|x64
		{E09FC5A6-214B-4A89-9817-941CF469041F}.Debug|x64.Build.0 = Debug|x64
		{E09FC5A6-214B-4A89-9817-941CF469041F}.Debug|x86.ActiveCfg = Debug|Win32
		{E09FC5A6-214B-4A89-9817-941CF469041F}.Debug|x86.Build.0 = Debug|Win32
		{E09FC5A6-214B-4A89-9817-941CF469041F}.Release|x64.ActiveCfg = Release|x64
		{E09FC5A6-214B-4A89-9817-941CF469041F}.Release|x64.Build.0 = Release|x64
		{E09FC5A6-214B-4A89-9817-941CF469041F}.Release|x86.ActiveCfg = Release|Win32
		{E09FC5A6-214B-4A89-9817-941CF469041F}.Release|x86.Build.0 = Release|Win32
	EndGlobalSection
	GlobalSection(SolutionProperties) = preSolution
		HideSolutionNode = FALSE
	EndGlobalSection
	GlobalSection(ExtensibilityGlobals) = postSolution
		SolutionGuid = {CAD3FDEB-9B4C-4571-8A88-04509D2CEFBB}
	EndGlobalSection
EndGlobal
